
Microsoft Visual Studio Solution File, Format Version 12.00
# Visual Studio Version 16
VisualStudioVersion = 16.0.29519.87
MinimumVisualStudioVersion = 10.0.40219.1
Project("{8BC9CEB8-8B4A-11D0-8D11-00A0C91BC942}") = "Fortess", "Fortess\Fortess.vcxproj", "{B1627C7C-D999-476E-81A8-D44C0304A7CF}"
EndProject
Global
	GlobalSection(SolutionConfigurationPlatforms) = preSolution
		Debug|x64 = Debug|x64
		Debug|x86 = Debug|x86
		Release|x64 = Release|x64
		Release|x86 = Release|x86
	EndGlobalSection
	GlobalSection(ProjectConfigurationPlatforms) = postSolution
		{B1627C7C-D999-476E-81A8-D44C0304A7CF}.Debug|x64.ActiveCfg = Debug|x64
		{B1627C7C-D999-476E-81A8-D44C0304A7CF}.Debug|x64.Build.0 = Debug|x64
		{B1627C7C-D999-476E-81A8-D44C0304A7CF}.Debug|x86.ActiveCfg = Debug|Win32
		{B1627C7C-D999-476E-81A8-D44C0304A7CF}.Debug|x86.Build.0 = Debug|Win32
		{B1627C7C-D999-476E-81A8-D44C0304A7CF}.Release|x64.ActiveCfg = Release|x64
		{B1627C7C-D999-476E-81A8-D44C0304A7CF}.Release|x64.Build.0 = Release|x64
		{B1627C7C-D999-476E-81A8-D44C0304A7CF}.Release|x86.ActiveCfg = Release|Win32
		{B1627C7C-D999-476E-81A8-D44C0304A7CF}.Release|x86.Build.0 = Release|Win32
	EndGlobalSection
	GlobalSection(SolutionProperties) = preSolution
		HideSolutionNode = FALSE
	EndGlobalSection
	GlobalSection(ExtensibilityGlobals) = postSolution
		SolutionGuid = {8573B025-9DFE-4E32-B4AA-B88448E155A4}
	EndGlobalSection
EndGlobal
